
Microsoft Visual Studio Solution File, Format Version 12.00
# Visual Studio Version 16
VisualStudioVersion = 16.0.31515.178
MinimumVisualStudioVersion = 10.0.40219.1
Project("{FAE04EC0-301F-11D3-BF4B-00C04F79EFBC}") = "Taller Algoritmos II Pedro Lara", "Taller Algoritmos II Pedro Lara\Taller Algoritmos II Pedro Lara.csproj", "{0190ECA6-3B99-45F4-BA98-B81A5D853230}"
EndProject
Global
	GlobalSection(SolutionConfigurationPlatforms) = preSolution
		Debug|Any CPU = Debug|Any CPU
		Release|Any CPU = Release|Any CPU
	EndGlobalSection
	GlobalSection(ProjectConfigurationPlatforms) = postSolution
		{0190ECA6-3B99-45F4-BA98-B81A5D853230}.Debug|Any CPU.ActiveCfg = Debug|Any CPU
		{0190ECA6-3B99-45F4-BA98-B81A5D853230}.Debug|Any CPU.Build.0 = Debug|Any CPU
		{0190ECA6-3B99-45F4-BA98-B81A5D853230}.Release|Any CPU.ActiveCfg = Release|Any CPU
		{0190ECA6-3B99-45F4-BA98-B81A5D853230}.Release|Any CPU.Build.0 = Release|Any CPU
	EndGlobalSection
	GlobalSection(SolutionProperties) = preSolution
		HideSolutionNode = FALSE
	EndGlobalSection
	GlobalSection(ExtensibilityGlobals) = postSolution
		SolutionGuid = {812CFD13-347D-49FC-BD32-0DCD74471803}
	EndGlobalSection
EndGlobal
